
Microsoft Visual Studio Solution File, Format Version 12.00
# Visual Studio Version 17
VisualStudioVersion = 17.11.35312.102
MinimumVisualStudioVersion = 10.0.40219.1
Project("{FAE04EC0-301F-11D3-BF4B-00C04F79EFBC}") = "Mile.UniCrt.Build.Tasks", "Mile.UniCrt.Build.Tasks\Mile.UniCrt.Build.Tasks.csproj", "{087F0E54-9E3D-48BE-AB17-BB36E18F94BA}"
EndProject
Project("{8BC9CEB8-8B4A-11D0-8D11-00A0C91BC942}") = "Mile.UniCrt.Wrapper_OriginalDebug", "Mile.UniCrt.Wrapper\Mile.UniCrt.Wrapper_OriginalDebug.vcxproj", "{D574F328-06DA-47AC-9B03-EE01D22C070B}"
EndProject
Project("{8BC9CEB8-8B4A-11D0-8D11-00A0C91BC942}") = "Mile.UniCrt.Wrapper_OriginalRelease", "Mile.UniCrt.Wrapper\Mile.UniCrt.Wrapper_OriginalRelease.vcxproj", "{9913CF7E-2384-49E9-B47C-D568ED556633}"
EndProject
Project("{8BC9CEB8-8B4A-11D0-8D11-00A0C91BC942}") = "Mile.UniCrt.SymbolTestBase", "Mile.UniCrt.SymbolTest\Mile.UniCrt.SymbolTestBase.vcxproj", "{8230E340-BD34-4FE0-869C-8AD50EBA2BB2}"
EndProject
Project("{8BC9CEB8-8B4A-11D0-8D11-00A0C91BC942}") = "Mile.UniCrt.SymbolTestBaseDebug", "Mile.UniCrt.SymbolTest\Mile.UniCrt.SymbolTestBaseDebug.vcxproj", "{13C9267C-891F-4782-ABB7-3C76B3CC9B06}"
EndProject
Project("{2150E333-8FDC-42A3-9474-1A3956D46DE8}") = "Mile.UniCrt.SymbolTest", "Mile.UniCrt.SymbolTest", "{84C9CB97-B17E-4E5A-95CA-A206B512C740}"
	ProjectSection(SolutionItems) = preProject
		Mile.UniCrt.SymbolTest\Mile.UniCrt.SymbolTest.targets = Mile.UniCrt.SymbolTest\Mile.UniCrt.SymbolTest.targets
	EndProjectSection
EndProject
Global
	GlobalSection(SolutionConfigurationPlatforms) = preSolution
		Debug|Any CPU = Debug|Any CPU
		Debug|ARM64 = Debug|ARM64
		Debug|ARM64EC = Debug|ARM64EC
		Debug|x64 = Debug|x64
		Debug|x86 = Debug|x86
		Release|Any CPU = Release|Any CPU
		Release|ARM64 = Release|ARM64
		Release|ARM64EC = Release|ARM64EC
		Release|x64 = Release|x64
		Release|x86 = Release|x86
	EndGlobalSection
	GlobalSection(ProjectConfigurationPlatforms) = postSolution
		{087F0E54-9E3D-48BE-AB17-BB36E18F94BA}.Debug|Any CPU.ActiveCfg = Debug|Any CPU
		{087F0E54-9E3D-48BE-AB17-BB36E18F94BA}.Debug|Any CPU.Build.0 = Debug|Any CPU
		{087F0E54-9E3D-48BE-AB17-BB36E18F94BA}.Debug|ARM64.ActiveCfg = Debug|Any CPU
		{087F0E54-9E3D-48BE-AB17-BB36E18F94BA}.Debug|ARM64EC.ActiveCfg = Debug|Any CPU
		{087F0E54-9E3D-48BE-AB17-BB36E18F94BA}.Debug|x64.ActiveCfg = Debug|Any CPU
		{087F0E54-9E3D-48BE-AB17-BB36E18F94BA}.Debug|x86.ActiveCfg = Debug|Any CPU
		{087F0E54-9E3D-48BE-AB17-BB36E18F94BA}.Release|Any CPU.ActiveCfg = Release|Any CPU
		{087F0E54-9E3D-48BE-AB17-BB36E18F94BA}.Release|Any CPU.Build.0 = Release|Any CPU
		{087F0E54-9E3D-48BE-AB17-BB36E18F94BA}.Release|ARM64.ActiveCfg = Release|Any CPU
		{087F0E54-9E3D-48BE-AB17-BB36E18F94BA}.Release|ARM64EC.ActiveCfg = Release|Any CPU
		{087F0E54-9E3D-48BE-AB17-BB36E18F94BA}.Release|x64.ActiveCfg = Release|Any CPU
		{087F0E54-9E3D-48BE-AB17-BB36E18F94BA}.Release|x86.ActiveCfg = Release|Any CPU
		{D574F328-06DA-47AC-9B03-EE01D22C070B}.Debug|Any CPU.ActiveCfg = Debug|x64
		{D574F328-06DA-47AC-9B03-EE01D22C070B}.Debug|ARM64.ActiveCfg = Debug|ARM64
		{D574F328-06DA-47AC-9B03-EE01D22C070B}.Debug|ARM64.Build.0 = Debug|ARM64
		{D574F328-06DA-47AC-9B03-EE01D22C070B}.Debug|ARM64EC.ActiveCfg = Debug|ARM64EC
		{D574F328-06DA-47AC-9B03-EE01D22C070B}.Debug|ARM64EC.Build.0 = Debug|ARM64EC
		{D574F328-06DA-47AC-9B03-EE01D22C070B}.Debug|x64.ActiveCfg = Debug|x64
		{D574F328-06DA-47AC-9B03-EE01D22C070B}.Debug|x64.Build.0 = Debug|x64
		{D574F328-06DA-47AC-9B03-EE01D22C070B}.Debug|x86.ActiveCfg = Debug|Win32
		{D574F328-06DA-47AC-9B03-EE01D22C070B}.Debug|x86.Build.0 = Debug|Win32
		{D574F328-06DA-47AC-9B03-EE01D22C070B}.Release|Any CPU.ActiveCfg = Release|x64
		{D574F328-06DA-47AC-9B03-EE01D22C070B}.Release|ARM64.ActiveCfg = Release|ARM64
		{D574F328-06DA-47AC-9B03-EE01D22C070B}.Release|ARM64.Build.0 = Release|ARM64
		{D574F328-06DA-47AC-9B03-EE01D22C070B}.Release|ARM64EC.ActiveCfg = Release|ARM64EC
		{D574F328-06DA-47AC-9B03-EE01D22C070B}.Release|ARM64EC.Build.0 = Release|ARM64EC
		{D574F328-06DA-47AC-9B03-EE01D22C070B}.Release|x64.ActiveCfg = Release|x64
		{D574F328-06DA-47AC-9B03-EE01D22C070B}.Release|x64.Build.0 = Release|x64
		{D574F328-06DA-47AC-9B03-EE01D22C070B}.Release|x86.ActiveCfg = Release|Win32
		{D574F328-06DA-47AC-9B03-EE01D22C070B}.Release|x86.Build.0 = Release|Win32
		{9913CF7E-2384-49E9-B47C-D568ED556633}.Debug|Any CPU.ActiveCfg = Debug|x64
		{9913CF7E-2384-49E9-B47C-D568ED556633}.Debug|ARM64.ActiveCfg = Debug|ARM64
		{9913CF7E-2384-49E9-B47C-D568ED556633}.Debug|ARM64.Build.0 = Debug|ARM64
		{9913CF7E-2384-49E9-B47C-D568ED556633}.Debug|ARM64EC.ActiveCfg = Debug|ARM64EC
		{9913CF7E-2384-49E9-B47C-D568ED556633}.Debug|ARM64EC.Build.0 = Debug|ARM64EC
		{9913CF7E-2384-49E9-B47C-D568ED556633}.Debug|x64.ActiveCfg = Debug|x64
		{9913CF7E-2384-49E9-B47C-D568ED556633}.Debug|x64.Build.0 = Debug|x64
		{9913CF7E-2384-49E9-B47C-D568ED556633}.Debug|x86.ActiveCfg = Debug|Win32
		{9913CF7E-2384-49E9-B47C-D568ED556633}.Debug|x86.Build.0 = Debug|Win32
		{9913CF7E-2384-49E9-B47C-D568ED556633}.Release|Any CPU.ActiveCfg = Release|x64
		{9913CF7E-2384-49E9-B47C-D568ED556633}.Release|ARM64.ActiveCfg = Release|ARM64
		{9913CF7E-2384-49E9-B47C-D568ED556633}.Release|ARM64.Build.0 = Release|ARM64
		{9913CF7E-2384-49E9-B47C-D568ED556633}.Release|ARM64EC.ActiveCfg = Release|ARM64EC
		{9913CF7E-2384-49E9-B47C-D568ED556633}.Release|ARM64EC.Build.0 = Release|ARM64EC
		{9913CF7E-2384-49E9-B47C-D568ED556633}.Release|x64.ActiveCfg = Release|x64
		{9913CF7E-2384-49E9-B47C-D568ED556633}.Release|x64.Build.0 = Release|x64
		{9913CF7E-2384-49E9-B47C-D568ED556633}.Release|x86.ActiveCfg = Release|Win32
		{9913CF7E-2384-49E9-B47C-D568ED556633}.Release|x86.Build.0 = Release|Win32
		{8230E340-BD34-4FE0-869C-8AD50EBA2BB2}.Debug|Any CPU.ActiveCfg = Debug|x64
		{8230E340-BD34-4FE0-869C-8AD50EBA2BB2}.Debug|ARM64.ActiveCfg = Debug|ARM64
		{8230E340-BD34-4FE0-869C-8AD50EBA2BB2}.Debug|ARM64.Build.0 = Debug|ARM64
		{8230E340-BD34-4FE0-869C-8AD50EBA2BB2}.Debug|ARM64EC.ActiveCfg = Debug|ARM64EC
		{8230E340-BD34-4FE0-869C-8AD50EBA2BB2}.Debug|ARM64EC.Build.0 = Debug|ARM64EC
		{8230E340-BD34-4FE0-869C-8AD50EBA2BB2}.Debug|x64.ActiveCfg = Debug|x64
		{8230E340-BD34-4FE0-869C-8AD50EBA2BB2}.Debug|x64.Build.0 = Debug|x64
		{8230E340-BD34-4FE0-869C-8AD50EBA2BB2}.Debug|x86.ActiveCfg = Debug|Win32
		{8230E340-BD34-4FE0-869C-8AD50EBA2BB2}.Debug|x86.Build.0 = Debug|Win32
		{8230E340-BD34-4FE0-869C-8AD50EBA2BB2}.Release|Any CPU.ActiveCfg = Release|x64
		{8230E340-BD34-4FE0-869C-8AD50EBA2BB2}.Release|ARM64.ActiveCfg = Release|ARM64
		{8230E340-BD34-4FE0-869C-8AD50EBA2BB2}.Release|ARM64.Build.0 = Release|ARM64
		{8230E340-BD34-4FE0-869C-8AD50EBA2BB2}.Release|ARM64EC.ActiveCfg = Release|ARM64EC
		{8230E340-BD34-4FE0-869C-8AD50EBA2BB2}.Release|ARM64EC.Build.0 = Release|ARM64EC
		{8230E340-BD34-4FE0-869C-8AD50EBA2BB2}.Release|x64.ActiveCfg = Release|x64
		{8230E340-BD34-4FE0-869C-8AD50EBA2BB2}.Release|x64.Build.0 = Release|x64
		{8230E340-BD34-4FE0-869C-8AD50EBA2BB2}.Release|x86.ActiveCfg = Release|Win32
		{8230E340-BD34-4FE0-869C-8AD50EBA2BB2}.Release|x86.Build.0 = Release|Win32
		{13C9267C-891F-4782-ABB7-3C76B3CC9B06}.Debug|Any CPU.ActiveCfg = Debug|x64
		{13C9267C-891F-4782-ABB7-3C76B3CC9B06}.Debug|ARM64.ActiveCfg = Debug|ARM64
		{13C9267C-891F-4782-ABB7-3C76B3CC9B06}.Debug|ARM64.Build.0 = Debug|ARM64
		{13C9267C-891F-4782-ABB7-3C76B3CC9B06}.Debug|ARM64EC.ActiveCfg = Debug|ARM64EC
		{13C9267C-891F-4782-ABB7-3C76B3CC9B06}.Debug|ARM64EC.Build.0 = Debug|ARM64EC
		{13C9267C-891F-4782-ABB7-3C76B3CC9B06}.Debug|x64.ActiveCfg = Debug|x64
		{13C9267C-891F-4782-ABB7-3C76B3CC9B06}.Debug|x64.Build.0 = Debug|x64
		{13C9267C-891F-4782-ABB7-3C76B3CC9B06}.Debug|x86.ActiveCfg = Debug|Win32
		{13C9267C-891F-4782-ABB7-3C76B3CC9B06}.Debug|x86.Build.0 = Debug|Win32
		{13C9267C-891F-4782-ABB7-3C76B3CC9B06}.Release|Any CPU.ActiveCfg = Release|x64
		{13C9267C-891F-4782-ABB7-3C76B3CC9B06}.Release|ARM64.ActiveCfg = Release|ARM64
		{13C9267C-891F-4782-ABB7-3C76B3CC9B06}.Release|ARM64.Build.0 = Release|ARM64
		{13C9267C-891F-4782-ABB7-3C76B3CC9B06}.Release|ARM64EC.ActiveCfg = Release|ARM64EC
		{13C9267C-891F-4782-ABB7-3C76B3CC9B06}.Release|ARM64EC.Build.0 = Release|ARM64EC
		{13C9267C-891F-4782-ABB7-3C76B3CC9B06}.Release|x64.ActiveCfg = Release|x64
		{13C9267C-891F-4782-ABB7-3C76B3CC9B06}.Release|x64.Build.0 = Release|x64
		{13C9267C-891F-4782-ABB7-3C76B3CC9B06}.Release|x86.ActiveCfg = Release|Win32
		{13C9267C-891F-4782-ABB7-3C76B3CC9B06}.Release|x86.Build.0 = Release|Win32
	EndGlobalSection
	GlobalSection(SolutionProperties) = preSolution
		HideSolutionNode = FALSE
	EndGlobalSection
	GlobalSection(NestedProjects) = preSolution
		{8230E340-BD34-4FE0-869C-8AD50EBA2BB2} = {84C9CB97-B17E-4E5A-95CA-A206B512C740}
		{13C9267C-891F-4782-ABB7-3C76B3CC9B06} = {84C9CB97-B17E-4E5A-95CA-A206B512C740}
	EndGlobalSection
	GlobalSection(ExtensibilityGlobals) = postSolution
		SolutionGuid = {98689497-8DFA-4C55-8934-3DB9F725C07F}
	EndGlobalSection
EndGlobal
