
Microsoft Visual Studio Solution File, Format Version 12.00
# Visual Studio Version 17
VisualStudioVersion = 17.11.35312.102
MinimumVisualStudioVersion = 10.0.40219.1
Project("{FAE04EC0-301F-11D3-BF4B-00C04F79EFBC}") = "Mile.UniCrt.Build.Tasks", "Mile.UniCrt.Build.Tasks\Mile.UniCrt.Build.Tasks.csproj", "{087F0E54-9E3D-48BE-AB17-BB36E18F94BA}"
EndProject
Global
	GlobalSection(SolutionConfigurationPlatforms) = preSolution
		Debug|Any CPU = Debug|Any CPU
		Release|Any CPU = Release|Any CPU
	EndGlobalSection
	GlobalSection(ProjectConfigurationPlatforms) = postSolution
		{087F0E54-9E3D-48BE-AB17-BB36E18F94BA}.Debug|Any CPU.ActiveCfg = Debug|Any CPU
		{087F0E54-9E3D-48BE-AB17-BB36E18F94BA}.Debug|Any CPU.Build.0 = Debug|Any CPU
		{087F0E54-9E3D-48BE-AB17-BB36E18F94BA}.Release|Any CPU.ActiveCfg = Release|Any CPU
		{087F0E54-9E3D-48BE-AB17-BB36E18F94BA}.Release|Any CPU.Build.0 = Release|Any CPU
	EndGlobalSection
	GlobalSection(SolutionProperties) = preSolution
		HideSolutionNode = FALSE
	EndGlobalSection
	GlobalSection(ExtensibilityGlobals) = postSolution
		SolutionGuid = {98689497-8DFA-4C55-8934-3DB9F725C07F}
	EndGlobalSection
EndGlobal
